{
  "requires": true,
  "lockfileVersion": 1,
  "dependencies": {
    "husky": {
      "version": "8.0.1",
      "resolved": "https://registry.npmjs.org/husky/-/husky-8.0.1.tgz",
      "integrity": "sha512-xs7/chUH/CKdOCs7Zy0Aev9e/dKOMZf3K1Az1nar3tzlv0jfqnYtu235bstsWTmXOR0EfINrPa97yy4Lz6RiKw==",
      "dev": true
    },
    "husky-init": {
      "version": "8.0.0",
      "resolved": "https://registry.npmjs.org/husky-init/-/husky-init-8.0.0.tgz",
      "integrity": "sha512-P9qq7eOInj853p57QhK/QDKahx8Vd+hWWmzA+N+Q3/dsHH+DFUeRurRd6ZSFzF1Ol/6yUS+fa9yMw5Dao0pxxw==",
      "dev": true,
      "requires": {
        "husky": "^8.0.0"
      }
    }
  }
}
